
Microsoft Visual Studio Solution File, Format Version 12.00
# Visual Studio Version 17
VisualStudioVersion = 17.6.33829.357
MinimumVisualStudioVersion = 10.0.40219.1
Project("{FAE04EC0-301F-11D3-BF4B-00C04F79EFBC}") = "Cirno", "Cirno\Cirno.csproj", "{2BC18FE1-7F5F-400E-A8D3-950C58DF7471}"
EndProject
Global
	GlobalSection(SolutionConfigurationPlatforms) = preSolution
		Debug|Any CPU = Debug|Any CPU
		Release|Any CPU = Release|Any CPU
	EndGlobalSection
	GlobalSection(ProjectConfigurationPlatforms) = postSolution
		{2BC18FE1-7F5F-400E-A8D3-950C58DF7471}.Debug|Any CPU.ActiveCfg = Debug|Any CPU
		{2BC18FE1-7F5F-400E-A8D3-950C58DF7471}.Debug|Any CPU.Build.0 = Debug|Any CPU
		{2BC18FE1-7F5F-400E-A8D3-950C58DF7471}.Release|Any CPU.ActiveCfg = Release|Any CPU
		{2BC18FE1-7F5F-400E-A8D3-950C58DF7471}.Release|Any CPU.Build.0 = Release|Any CPU
	EndGlobalSection
	GlobalSection(SolutionProperties) = preSolution
		HideSolutionNode = FALSE
	EndGlobalSection
	GlobalSection(ExtensibilityGlobals) = postSolution
		SolutionGuid = {8A39E87B-D555-475B-9C46-7524A9C402D5}
	EndGlobalSection
EndGlobal
